
Microsoft Visual Studio Solution File, Format Version 12.00
# Visual Studio Version 16
VisualStudioVersion = 16.0.31025.194
MinimumVisualStudioVersion = 10.0.40219.1
Project("{9A19103F-16F7-4668-BE54-9A1E7A4F7556}") = "Cliente", "ProjetoTS\Cliente.csproj", "{208A1C87-6ED4-4B59-A114-10CC86F0439E}"
EndProject
Project("{9A19103F-16F7-4668-BE54-9A1E7A4F7556}") = "Servidor", "Servidor\Servidor.csproj", "{E5C99195-2AA4-4B4A-B2EA-D91F49DAB242}"
EndProject
Global
	GlobalSection(SolutionConfigurationPlatforms) = preSolution
		Debug|Any CPU = Debug|Any CPU
		Release|Any CPU = Release|Any CPU
	EndGlobalSection
	GlobalSection(ProjectConfigurationPlatforms) = postSolution
		{208A1C87-6ED4-4B59-A114-10CC86F0439E}.Debug|Any CPU.ActiveCfg = Debug|Any CPU
		{208A1C87-6ED4-4B59-A114-10CC86F0439E}.Debug|Any CPU.Build.0 = Debug|Any CPU
		{208A1C87-6ED4-4B59-A114-10CC86F0439E}.Release|Any CPU.ActiveCfg = Release|Any CPU
		{208A1C87-6ED4-4B59-A114-10CC86F0439E}.Release|Any CPU.Build.0 = Release|Any CPU
		{E5C99195-2AA4-4B4A-B2EA-D91F49DAB242}.Debug|Any CPU.ActiveCfg = Debug|Any CPU
		{E5C99195-2AA4-4B4A-B2EA-D91F49DAB242}.Debug|Any CPU.Build.0 = Debug|Any CPU
		{E5C99195-2AA4-4B4A-B2EA-D91F49DAB242}.Release|Any CPU.ActiveCfg = Release|Any CPU
		{E5C99195-2AA4-4B4A-B2EA-D91F49DAB242}.Release|Any CPU.Build.0 = Release|Any CPU
	EndGlobalSection
	GlobalSection(SolutionProperties) = preSolution
		HideSolutionNode = FALSE
	EndGlobalSection
	GlobalSection(ExtensibilityGlobals) = postSolution
		SolutionGuid = {80396866-5DE6-4063-9630-0812E8AC4BB6}
	EndGlobalSection
EndGlobal
